
Microsoft Visual Studio Solution File, Format Version 12.00
# Visual Studio 15
VisualStudioVersion = 15.0.26124.0
MinimumVisualStudioVersion = 15.0.26124.0
Project("{FAE04EC0-301F-11D3-BF4B-00C04F79EFBC}") = "StrongPasswordGenerator.Core", "StrongPasswordGenerator.Core\StrongPasswordGenerator.Core.csproj", "{97D64157-83B8-4368-879B-6D1D98F07C6B}"
EndProject
Project("{FAE04EC0-301F-11D3-BF4B-00C04F79EFBC}") = "StrongPasswordGenerator.Core.Tests", "StrongPasswordGenerator.Core.Tests\StrongPasswordGenerator.Core.Tests.csproj", "{10FF1989-6AF9-4E42-A1D6-2D1427222DF3}"
EndProject
Project("{FAE04EC0-301F-11D3-BF4B-00C04F79EFBC}") = "StrongPasswordGenerator.Web.Api", "StrongPasswordGenerator.Web.Api\StrongPasswordGenerator.Web.Api.csproj", "{2083C994-830C-4E8F-8857-E5B5E37AF1A5}"
EndProject
Project("{FAE04EC0-301F-11D3-BF4B-00C04F79EFBC}") = "StrongPasswordGenerator.Web.App", "StrongPasswordGenerator.Web.App\StrongPasswordGenerator.Web.App.csproj", "{C4BD66E8-D389-4F02-9657-856A35789BFA}"
EndProject
Global
	GlobalSection(SolutionConfigurationPlatforms) = preSolution
		Debug|Any CPU = Debug|Any CPU
		Debug|x64 = Debug|x64
		Debug|x86 = Debug|x86
		Release|Any CPU = Release|Any CPU
		Release|x64 = Release|x64
		Release|x86 = Release|x86
	EndGlobalSection
	GlobalSection(SolutionProperties) = preSolution
		HideSolutionNode = FALSE
	EndGlobalSection
	GlobalSection(ProjectConfigurationPlatforms) = postSolution
		{97D64157-83B8-4368-879B-6D1D98F07C6B}.Debug|Any CPU.ActiveCfg = Debug|Any CPU
		{97D64157-83B8-4368-879B-6D1D98F07C6B}.Debug|Any CPU.Build.0 = Debug|Any CPU
		{97D64157-83B8-4368-879B-6D1D98F07C6B}.Debug|x64.ActiveCfg = Debug|Any CPU
		{97D64157-83B8-4368-879B-6D1D98F07C6B}.Debug|x64.Build.0 = Debug|Any CPU
		{97D64157-83B8-4368-879B-6D1D98F07C6B}.Debug|x86.ActiveCfg = Debug|Any CPU
		{97D64157-83B8-4368-879B-6D1D98F07C6B}.Debug|x86.Build.0 = Debug|Any CPU
		{97D64157-83B8-4368-879B-6D1D98F07C6B}.Release|Any CPU.ActiveCfg = Release|Any CPU
		{97D64157-83B8-4368-879B-6D1D98F07C6B}.Release|Any CPU.Build.0 = Release|Any CPU
		{97D64157-83B8-4368-879B-6D1D98F07C6B}.Release|x64.ActiveCfg = Release|Any CPU
		{97D64157-83B8-4368-879B-6D1D98F07C6B}.Release|x64.Build.0 = Release|Any CPU
		{97D64157-83B8-4368-879B-6D1D98F07C6B}.Release|x86.ActiveCfg = Release|Any CPU
		{97D64157-83B8-4368-879B-6D1D98F07C6B}.Release|x86.Build.0 = Release|Any CPU
		{10FF1989-6AF9-4E42-A1D6-2D1427222DF3}.Debug|Any CPU.ActiveCfg = Debug|Any CPU
		{10FF1989-6AF9-4E42-A1D6-2D1427222DF3}.Debug|Any CPU.Build.0 = Debug|Any CPU
		{10FF1989-6AF9-4E42-A1D6-2D1427222DF3}.Debug|x64.ActiveCfg = Debug|Any CPU
		{10FF1989-6AF9-4E42-A1D6-2D1427222DF3}.Debug|x64.Build.0 = Debug|Any CPU
		{10FF1989-6AF9-4E42-A1D6-2D1427222DF3}.Debug|x86.ActiveCfg = Debug|Any CPU
		{10FF1989-6AF9-4E42-A1D6-2D1427222DF3}.Debug|x86.Build.0 = Debug|Any CPU
		{10FF1989-6AF9-4E42-A1D6-2D1427222DF3}.Release|Any CPU.ActiveCfg = Release|Any CPU
		{10FF1989-6AF9-4E42-A1D6-2D1427222DF3}.Release|Any CPU.Build.0 = Release|Any CPU
		{10FF1989-6AF9-4E42-A1D6-2D1427222DF3}.Release|x64.ActiveCfg = Release|Any CPU
		{10FF1989-6AF9-4E42-A1D6-2D1427222DF3}.Release|x64.Build.0 = Release|Any CPU
		{10FF1989-6AF9-4E42-A1D6-2D1427222DF3}.Release|x86.ActiveCfg = Release|Any CPU
		{10FF1989-6AF9-4E42-A1D6-2D1427222DF3}.Release|x86.Build.0 = Release|Any CPU
		{2083C994-830C-4E8F-8857-E5B5E37AF1A5}.Debug|Any CPU.ActiveCfg = Debug|Any CPU
		{2083C994-830C-4E8F-8857-E5B5E37AF1A5}.Debug|Any CPU.Build.0 = Debug|Any CPU
		{2083C994-830C-4E8F-8857-E5B5E37AF1A5}.Debug|x64.ActiveCfg = Debug|Any CPU
		{2083C994-830C-4E8F-8857-E5B5E37AF1A5}.Debug|x64.Build.0 = Debug|Any CPU
		{2083C994-830C-4E8F-8857-E5B5E37AF1A5}.Debug|x86.ActiveCfg = Debug|Any CPU
		{2083C994-830C-4E8F-8857-E5B5E37AF1A5}.Debug|x86.Build.0 = Debug|Any CPU
		{2083C994-830C-4E8F-8857-E5B5E37AF1A5}.Release|Any CPU.ActiveCfg = Release|Any CPU
		{2083C994-830C-4E8F-8857-E5B5E37AF1A5}.Release|Any CPU.Build.0 = Release|Any CPU
		{2083C994-830C-4E8F-8857-E5B5E37AF1A5}.Release|x64.ActiveCfg = Release|Any CPU
		{2083C994-830C-4E8F-8857-E5B5E37AF1A5}.Release|x64.Build.0 = Release|Any CPU
		{2083C994-830C-4E8F-8857-E5B5E37AF1A5}.Release|x86.ActiveCfg = Release|Any CPU
		{2083C994-830C-4E8F-8857-E5B5E37AF1A5}.Release|x86.Build.0 = Release|Any CPU
		{C4BD66E8-D389-4F02-9657-856A35789BFA}.Debug|Any CPU.ActiveCfg = Debug|Any CPU
		{C4BD66E8-D389-4F02-9657-856A35789BFA}.Debug|Any CPU.Build.0 = Debug|Any CPU
		{C4BD66E8-D389-4F02-9657-856A35789BFA}.Debug|x64.ActiveCfg = Debug|Any CPU
		{C4BD66E8-D389-4F02-9657-856A35789BFA}.Debug|x64.Build.0 = Debug|Any CPU
		{C4BD66E8-D389-4F02-9657-856A35789BFA}.Debug|x86.ActiveCfg = Debug|Any CPU
		{C4BD66E8-D389-4F02-9657-856A35789BFA}.Debug|x86.Build.0 = Debug|Any CPU
		{C4BD66E8-D389-4F02-9657-856A35789BFA}.Release|Any CPU.ActiveCfg = Release|Any CPU
		{C4BD66E8-D389-4F02-9657-856A35789BFA}.Release|Any CPU.Build.0 = Release|Any CPU
		{C4BD66E8-D389-4F02-9657-856A35789BFA}.Release|x64.ActiveCfg = Release|Any CPU
		{C4BD66E8-D389-4F02-9657-856A35789BFA}.Release|x64.Build.0 = Release|Any CPU
		{C4BD66E8-D389-4F02-9657-856A35789BFA}.Release|x86.ActiveCfg = Release|Any CPU
		{C4BD66E8-D389-4F02-9657-856A35789BFA}.Release|x86.Build.0 = Release|Any CPU
	EndGlobalSection
EndGlobal
