
Microsoft Visual Studio Solution File, Format Version 12.00
# Visual Studio Version 16
VisualStudioVersion = 16.0.30711.63
MinimumVisualStudioVersion = 15.0.26124.0
Project("{9A19103F-16F7-4668-BE54-9A1E7A4F7556}") = "StrongPasswordGenerator.Core", "StrongPasswordGenerator.Core\StrongPasswordGenerator.Core.csproj", "{97D64157-83B8-4368-879B-6D1D98F07C6B}"
EndProject
Project("{9A19103F-16F7-4668-BE54-9A1E7A4F7556}") = "StrongPasswordGenerator.Core.Tests", "StrongPasswordGenerator.Core.Tests\StrongPasswordGenerator.Core.Tests.csproj", "{10FF1989-6AF9-4E42-A1D6-2D1427222DF3}"
EndProject
Project("{9A19103F-16F7-4668-BE54-9A1E7A4F7556}") = "StrongPasswordGenerator.Web.Api", "StrongPasswordGenerator.Web.Api\StrongPasswordGenerator.Web.Api.csproj", "{2083C994-830C-4E8F-8857-E5B5E37AF1A5}"
EndProject
Project("{9A19103F-16F7-4668-BE54-9A1E7A4F7556}") = "StrongPasswordGenerator.Web.App", "StrongPasswordGenerator.Web.App\StrongPasswordGenerator.Web.App.csproj", "{C4BD66E8-D389-4F02-9657-856A35789BFA}"
EndProject
Project("{FAE04EC0-301F-11D3-BF4B-00C04F79EFBC}") = "StrongPasswordGenerator.Mobile.Android", "StrongPasswordGenerator.Mobile\StrongPasswordGenerator.Mobile.Android\StrongPasswordGenerator.Mobile.Android.csproj", "{C6E172BD-E0E0-4A61-B097-75275F3C82DF}"
EndProject
Project("{FAE04EC0-301F-11D3-BF4B-00C04F79EFBC}") = "StrongPasswordGenerator.Mobile.iOS", "StrongPasswordGenerator.Mobile\StrongPasswordGenerator.Mobile.iOS\StrongPasswordGenerator.Mobile.iOS.csproj", "{24DD8701-0644-46A6-BC3E-8B2265B47500}"
EndProject
Project("{9A19103F-16F7-4668-BE54-9A1E7A4F7556}") = "StrongPasswordGenerator.Mobile", "StrongPasswordGenerator.Mobile\StrongPasswordGenerator.Mobile\StrongPasswordGenerator.Mobile.csproj", "{570BDCAE-11D6-4976-B724-F2332B9AAD9A}"
EndProject
Project("{9A19103F-16F7-4668-BE54-9A1E7A4F7556}") = "StrongPasswordGenerator.Web.Components", "StrongPasswordGenerator.Web.Components\StrongPasswordGenerator.Web.Components.csproj", "{183532E9-5911-4298-8F15-6D7F047BF5C2}"
EndProject
Project("{9A19103F-16F7-4668-BE54-9A1E7A4F7556}") = "StrongPasswordGenerator.Web.Site", "StrongPasswordGenerator.Web.Site\StrongPasswordGenerator.Web.Site.csproj", "{4AE82496-28D6-4FA3-8628-92D10D49EE94}"
EndProject
Global
	GlobalSection(SolutionConfigurationPlatforms) = preSolution
		Debug|Any CPU = Debug|Any CPU
		Debug|iPhone = Debug|iPhone
		Debug|iPhoneSimulator = Debug|iPhoneSimulator
		Debug|x64 = Debug|x64
		Debug|x86 = Debug|x86
		Release|Any CPU = Release|Any CPU
		Release|iPhone = Release|iPhone
		Release|iPhoneSimulator = Release|iPhoneSimulator
		Release|x64 = Release|x64
		Release|x86 = Release|x86
	EndGlobalSection
	GlobalSection(ProjectConfigurationPlatforms) = postSolution
		{97D64157-83B8-4368-879B-6D1D98F07C6B}.Debug|Any CPU.ActiveCfg = Debug|Any CPU
		{97D64157-83B8-4368-879B-6D1D98F07C6B}.Debug|Any CPU.Build.0 = Debug|Any CPU
		{97D64157-83B8-4368-879B-6D1D98F07C6B}.Debug|iPhone.ActiveCfg = Debug|Any CPU
		{97D64157-83B8-4368-879B-6D1D98F07C6B}.Debug|iPhone.Build.0 = Debug|Any CPU
		{97D64157-83B8-4368-879B-6D1D98F07C6B}.Debug|iPhoneSimulator.ActiveCfg = Debug|Any CPU
		{97D64157-83B8-4368-879B-6D1D98F07C6B}.Debug|iPhoneSimulator.Build.0 = Debug|Any CPU
		{97D64157-83B8-4368-879B-6D1D98F07C6B}.Debug|x64.ActiveCfg = Debug|Any CPU
		{97D64157-83B8-4368-879B-6D1D98F07C6B}.Debug|x64.Build.0 = Debug|Any CPU
		{97D64157-83B8-4368-879B-6D1D98F07C6B}.Debug|x86.ActiveCfg = Debug|Any CPU
		{97D64157-83B8-4368-879B-6D1D98F07C6B}.Debug|x86.Build.0 = Debug|Any CPU
		{97D64157-83B8-4368-879B-6D1D98F07C6B}.Release|Any CPU.ActiveCfg = Release|Any CPU
		{97D64157-83B8-4368-879B-6D1D98F07C6B}.Release|Any CPU.Build.0 = Release|Any CPU
		{97D64157-83B8-4368-879B-6D1D98F07C6B}.Release|iPhone.ActiveCfg = Release|Any CPU
		{97D64157-83B8-4368-879B-6D1D98F07C6B}.Release|iPhone.Build.0 = Release|Any CPU
		{97D64157-83B8-4368-879B-6D1D98F07C6B}.Release|iPhoneSimulator.ActiveCfg = Release|Any CPU
		{97D64157-83B8-4368-879B-6D1D98F07C6B}.Release|iPhoneSimulator.Build.0 = Release|Any CPU
		{97D64157-83B8-4368-879B-6D1D98F07C6B}.Release|x64.ActiveCfg = Release|Any CPU
		{97D64157-83B8-4368-879B-6D1D98F07C6B}.Release|x64.Build.0 = Release|Any CPU
		{97D64157-83B8-4368-879B-6D1D98F07C6B}.Release|x86.ActiveCfg = Release|Any CPU
		{97D64157-83B8-4368-879B-6D1D98F07C6B}.Release|x86.Build.0 = Release|Any CPU
		{10FF1989-6AF9-4E42-A1D6-2D1427222DF3}.Debug|Any CPU.ActiveCfg = Debug|Any CPU
		{10FF1989-6AF9-4E42-A1D6-2D1427222DF3}.Debug|Any CPU.Build.0 = Debug|Any CPU
		{10FF1989-6AF9-4E42-A1D6-2D1427222DF3}.Debug|iPhone.ActiveCfg = Debug|Any CPU
		{10FF1989-6AF9-4E42-A1D6-2D1427222DF3}.Debug|iPhone.Build.0 = Debug|Any CPU
		{10FF1989-6AF9-4E42-A1D6-2D1427222DF3}.Debug|iPhoneSimulator.ActiveCfg = Debug|Any CPU
		{10FF1989-6AF9-4E42-A1D6-2D1427222DF3}.Debug|iPhoneSimulator.Build.0 = Debug|Any CPU
		{10FF1989-6AF9-4E42-A1D6-2D1427222DF3}.Debug|x64.ActiveCfg = Debug|Any CPU
		{10FF1989-6AF9-4E42-A1D6-2D1427222DF3}.Debug|x64.Build.0 = Debug|Any CPU
		{10FF1989-6AF9-4E42-A1D6-2D1427222DF3}.Debug|x86.ActiveCfg = Debug|Any CPU
		{10FF1989-6AF9-4E42-A1D6-2D1427222DF3}.Debug|x86.Build.0 = Debug|Any CPU
		{10FF1989-6AF9-4E42-A1D6-2D1427222DF3}.Release|Any CPU.ActiveCfg = Release|Any CPU
		{10FF1989-6AF9-4E42-A1D6-2D1427222DF3}.Release|Any CPU.Build.0 = Release|Any CPU
		{10FF1989-6AF9-4E42-A1D6-2D1427222DF3}.Release|iPhone.ActiveCfg = Release|Any CPU
		{10FF1989-6AF9-4E42-A1D6-2D1427222DF3}.Release|iPhone.Build.0 = Release|Any CPU
		{10FF1989-6AF9-4E42-A1D6-2D1427222DF3}.Release|iPhoneSimulator.ActiveCfg = Release|Any CPU
		{10FF1989-6AF9-4E42-A1D6-2D1427222DF3}.Release|iPhoneSimulator.Build.0 = Release|Any CPU
		{10FF1989-6AF9-4E42-A1D6-2D1427222DF3}.Release|x64.ActiveCfg = Release|Any CPU
		{10FF1989-6AF9-4E42-A1D6-2D1427222DF3}.Release|x64.Build.0 = Release|Any CPU
		{10FF1989-6AF9-4E42-A1D6-2D1427222DF3}.Release|x86.ActiveCfg = Release|Any CPU
		{10FF1989-6AF9-4E42-A1D6-2D1427222DF3}.Release|x86.Build.0 = Release|Any CPU
		{2083C994-830C-4E8F-8857-E5B5E37AF1A5}.Debug|Any CPU.ActiveCfg = Debug|Any CPU
		{2083C994-830C-4E8F-8857-E5B5E37AF1A5}.Debug|Any CPU.Build.0 = Debug|Any CPU
		{2083C994-830C-4E8F-8857-E5B5E37AF1A5}.Debug|iPhone.ActiveCfg = Debug|Any CPU
		{2083C994-830C-4E8F-8857-E5B5E37AF1A5}.Debug|iPhone.Build.0 = Debug|Any CPU
		{2083C994-830C-4E8F-8857-E5B5E37AF1A5}.Debug|iPhoneSimulator.ActiveCfg = Debug|Any CPU
		{2083C994-830C-4E8F-8857-E5B5E37AF1A5}.Debug|iPhoneSimulator.Build.0 = Debug|Any CPU
		{2083C994-830C-4E8F-8857-E5B5E37AF1A5}.Debug|x64.ActiveCfg = Debug|Any CPU
		{2083C994-830C-4E8F-8857-E5B5E37AF1A5}.Debug|x64.Build.0 = Debug|Any CPU
		{2083C994-830C-4E8F-8857-E5B5E37AF1A5}.Debug|x86.ActiveCfg = Debug|Any CPU
		{2083C994-830C-4E8F-8857-E5B5E37AF1A5}.Debug|x86.Build.0 = Debug|Any CPU
		{2083C994-830C-4E8F-8857-E5B5E37AF1A5}.Release|Any CPU.ActiveCfg = Release|Any CPU
		{2083C994-830C-4E8F-8857-E5B5E37AF1A5}.Release|Any CPU.Build.0 = Release|Any CPU
		{2083C994-830C-4E8F-8857-E5B5E37AF1A5}.Release|iPhone.ActiveCfg = Release|Any CPU
		{2083C994-830C-4E8F-8857-E5B5E37AF1A5}.Release|iPhone.Build.0 = Release|Any CPU
		{2083C994-830C-4E8F-8857-E5B5E37AF1A5}.Release|iPhoneSimulator.ActiveCfg = Release|Any CPU
		{2083C994-830C-4E8F-8857-E5B5E37AF1A5}.Release|iPhoneSimulator.Build.0 = Release|Any CPU
		{2083C994-830C-4E8F-8857-E5B5E37AF1A5}.Release|x64.ActiveCfg = Release|Any CPU
		{2083C994-830C-4E8F-8857-E5B5E37AF1A5}.Release|x64.Build.0 = Release|Any CPU
		{2083C994-830C-4E8F-8857-E5B5E37AF1A5}.Release|x86.ActiveCfg = Release|Any CPU
		{2083C994-830C-4E8F-8857-E5B5E37AF1A5}.Release|x86.Build.0 = Release|Any CPU
		{C4BD66E8-D389-4F02-9657-856A35789BFA}.Debug|Any CPU.ActiveCfg = Debug|Any CPU
		{C4BD66E8-D389-4F02-9657-856A35789BFA}.Debug|Any CPU.Build.0 = Debug|Any CPU
		{C4BD66E8-D389-4F02-9657-856A35789BFA}.Debug|iPhone.ActiveCfg = Debug|Any CPU
		{C4BD66E8-D389-4F02-9657-856A35789BFA}.Debug|iPhone.Build.0 = Debug|Any CPU
		{C4BD66E8-D389-4F02-9657-856A35789BFA}.Debug|iPhoneSimulator.ActiveCfg = Debug|Any CPU
		{C4BD66E8-D389-4F02-9657-856A35789BFA}.Debug|iPhoneSimulator.Build.0 = Debug|Any CPU
		{C4BD66E8-D389-4F02-9657-856A35789BFA}.Debug|x64.ActiveCfg = Debug|Any CPU
		{C4BD66E8-D389-4F02-9657-856A35789BFA}.Debug|x64.Build.0 = Debug|Any CPU
		{C4BD66E8-D389-4F02-9657-856A35789BFA}.Debug|x86.ActiveCfg = Debug|Any CPU
		{C4BD66E8-D389-4F02-9657-856A35789BFA}.Debug|x86.Build.0 = Debug|Any CPU
		{C4BD66E8-D389-4F02-9657-856A35789BFA}.Release|Any CPU.ActiveCfg = Release|Any CPU
		{C4BD66E8-D389-4F02-9657-856A35789BFA}.Release|Any CPU.Build.0 = Release|Any CPU
		{C4BD66E8-D389-4F02-9657-856A35789BFA}.Release|iPhone.ActiveCfg = Release|Any CPU
		{C4BD66E8-D389-4F02-9657-856A35789BFA}.Release|iPhone.Build.0 = Release|Any CPU
		{C4BD66E8-D389-4F02-9657-856A35789BFA}.Release|iPhoneSimulator.ActiveCfg = Release|Any CPU
		{C4BD66E8-D389-4F02-9657-856A35789BFA}.Release|iPhoneSimulator.Build.0 = Release|Any CPU
		{C4BD66E8-D389-4F02-9657-856A35789BFA}.Release|x64.ActiveCfg = Release|Any CPU
		{C4BD66E8-D389-4F02-9657-856A35789BFA}.Release|x64.Build.0 = Release|Any CPU
		{C4BD66E8-D389-4F02-9657-856A35789BFA}.Release|x86.ActiveCfg = Release|Any CPU
		{C4BD66E8-D389-4F02-9657-856A35789BFA}.Release|x86.Build.0 = Release|Any CPU
		{C6E172BD-E0E0-4A61-B097-75275F3C82DF}.Debug|Any CPU.ActiveCfg = Debug|Any CPU
		{C6E172BD-E0E0-4A61-B097-75275F3C82DF}.Debug|Any CPU.Build.0 = Debug|Any CPU
		{C6E172BD-E0E0-4A61-B097-75275F3C82DF}.Debug|Any CPU.Deploy.0 = Debug|Any CPU
		{C6E172BD-E0E0-4A61-B097-75275F3C82DF}.Debug|iPhone.ActiveCfg = Debug|Any CPU
		{C6E172BD-E0E0-4A61-B097-75275F3C82DF}.Debug|iPhone.Build.0 = Debug|Any CPU
		{C6E172BD-E0E0-4A61-B097-75275F3C82DF}.Debug|iPhone.Deploy.0 = Debug|Any CPU
		{C6E172BD-E0E0-4A61-B097-75275F3C82DF}.Debug|iPhoneSimulator.ActiveCfg = Debug|Any CPU
		{C6E172BD-E0E0-4A61-B097-75275F3C82DF}.Debug|iPhoneSimulator.Build.0 = Debug|Any CPU
		{C6E172BD-E0E0-4A61-B097-75275F3C82DF}.Debug|iPhoneSimulator.Deploy.0 = Debug|Any CPU
		{C6E172BD-E0E0-4A61-B097-75275F3C82DF}.Debug|x64.ActiveCfg = Debug|Any CPU
		{C6E172BD-E0E0-4A61-B097-75275F3C82DF}.Debug|x64.Build.0 = Debug|Any CPU
		{C6E172BD-E0E0-4A61-B097-75275F3C82DF}.Debug|x64.Deploy.0 = Debug|Any CPU
		{C6E172BD-E0E0-4A61-B097-75275F3C82DF}.Debug|x86.ActiveCfg = Debug|Any CPU
		{C6E172BD-E0E0-4A61-B097-75275F3C82DF}.Debug|x86.Build.0 = Debug|Any CPU
		{C6E172BD-E0E0-4A61-B097-75275F3C82DF}.Debug|x86.Deploy.0 = Debug|Any CPU
		{C6E172BD-E0E0-4A61-B097-75275F3C82DF}.Release|Any CPU.ActiveCfg = Release|Any CPU
		{C6E172BD-E0E0-4A61-B097-75275F3C82DF}.Release|Any CPU.Build.0 = Release|Any CPU
		{C6E172BD-E0E0-4A61-B097-75275F3C82DF}.Release|Any CPU.Deploy.0 = Release|Any CPU
		{C6E172BD-E0E0-4A61-B097-75275F3C82DF}.Release|iPhone.ActiveCfg = Release|Any CPU
		{C6E172BD-E0E0-4A61-B097-75275F3C82DF}.Release|iPhone.Build.0 = Release|Any CPU
		{C6E172BD-E0E0-4A61-B097-75275F3C82DF}.Release|iPhone.Deploy.0 = Release|Any CPU
		{C6E172BD-E0E0-4A61-B097-75275F3C82DF}.Release|iPhoneSimulator.ActiveCfg = Release|Any CPU
		{C6E172BD-E0E0-4A61-B097-75275F3C82DF}.Release|iPhoneSimulator.Build.0 = Release|Any CPU
		{C6E172BD-E0E0-4A61-B097-75275F3C82DF}.Release|iPhoneSimulator.Deploy.0 = Release|Any CPU
		{C6E172BD-E0E0-4A61-B097-75275F3C82DF}.Release|x64.ActiveCfg = Release|Any CPU
		{C6E172BD-E0E0-4A61-B097-75275F3C82DF}.Release|x64.Build.0 = Release|Any CPU
		{C6E172BD-E0E0-4A61-B097-75275F3C82DF}.Release|x64.Deploy.0 = Release|Any CPU
		{C6E172BD-E0E0-4A61-B097-75275F3C82DF}.Release|x86.ActiveCfg = Release|Any CPU
		{C6E172BD-E0E0-4A61-B097-75275F3C82DF}.Release|x86.Build.0 = Release|Any CPU
		{C6E172BD-E0E0-4A61-B097-75275F3C82DF}.Release|x86.Deploy.0 = Release|Any CPU
		{24DD8701-0644-46A6-BC3E-8B2265B47500}.Debug|Any CPU.ActiveCfg = Debug|iPhoneSimulator
		{24DD8701-0644-46A6-BC3E-8B2265B47500}.Debug|iPhone.ActiveCfg = Debug|iPhone
		{24DD8701-0644-46A6-BC3E-8B2265B47500}.Debug|iPhone.Build.0 = Debug|iPhone
		{24DD8701-0644-46A6-BC3E-8B2265B47500}.Debug|iPhoneSimulator.ActiveCfg = Debug|iPhoneSimulator
		{24DD8701-0644-46A6-BC3E-8B2265B47500}.Debug|iPhoneSimulator.Build.0 = Debug|iPhoneSimulator
		{24DD8701-0644-46A6-BC3E-8B2265B47500}.Debug|x64.ActiveCfg = Debug|iPhoneSimulator
		{24DD8701-0644-46A6-BC3E-8B2265B47500}.Debug|x86.ActiveCfg = Debug|iPhoneSimulator
		{24DD8701-0644-46A6-BC3E-8B2265B47500}.Release|Any CPU.ActiveCfg = Release|iPhoneSimulator
		{24DD8701-0644-46A6-BC3E-8B2265B47500}.Release|iPhone.ActiveCfg = Release|iPhone
		{24DD8701-0644-46A6-BC3E-8B2265B47500}.Release|iPhone.Build.0 = Release|iPhone
		{24DD8701-0644-46A6-BC3E-8B2265B47500}.Release|iPhoneSimulator.ActiveCfg = Release|iPhoneSimulator
		{24DD8701-0644-46A6-BC3E-8B2265B47500}.Release|iPhoneSimulator.Build.0 = Release|iPhoneSimulator
		{24DD8701-0644-46A6-BC3E-8B2265B47500}.Release|x64.ActiveCfg = Release|iPhoneSimulator
		{24DD8701-0644-46A6-BC3E-8B2265B47500}.Release|x86.ActiveCfg = Release|iPhoneSimulator
		{570BDCAE-11D6-4976-B724-F2332B9AAD9A}.Debug|Any CPU.ActiveCfg = Debug|Any CPU
		{570BDCAE-11D6-4976-B724-F2332B9AAD9A}.Debug|Any CPU.Build.0 = Debug|Any CPU
		{570BDCAE-11D6-4976-B724-F2332B9AAD9A}.Debug|iPhone.ActiveCfg = Debug|Any CPU
		{570BDCAE-11D6-4976-B724-F2332B9AAD9A}.Debug|iPhone.Build.0 = Debug|Any CPU
		{570BDCAE-11D6-4976-B724-F2332B9AAD9A}.Debug|iPhoneSimulator.ActiveCfg = Debug|Any CPU
		{570BDCAE-11D6-4976-B724-F2332B9AAD9A}.Debug|iPhoneSimulator.Build.0 = Debug|Any CPU
		{570BDCAE-11D6-4976-B724-F2332B9AAD9A}.Debug|x64.ActiveCfg = Debug|Any CPU
		{570BDCAE-11D6-4976-B724-F2332B9AAD9A}.Debug|x64.Build.0 = Debug|Any CPU
		{570BDCAE-11D6-4976-B724-F2332B9AAD9A}.Debug|x86.ActiveCfg = Debug|Any CPU
		{570BDCAE-11D6-4976-B724-F2332B9AAD9A}.Debug|x86.Build.0 = Debug|Any CPU
		{570BDCAE-11D6-4976-B724-F2332B9AAD9A}.Release|Any CPU.ActiveCfg = Release|Any CPU
		{570BDCAE-11D6-4976-B724-F2332B9AAD9A}.Release|Any CPU.Build.0 = Release|Any CPU
		{570BDCAE-11D6-4976-B724-F2332B9AAD9A}.Release|iPhone.ActiveCfg = Release|Any CPU
		{570BDCAE-11D6-4976-B724-F2332B9AAD9A}.Release|iPhone.Build.0 = Release|Any CPU
		{570BDCAE-11D6-4976-B724-F2332B9AAD9A}.Release|iPhoneSimulator.ActiveCfg = Release|Any CPU
		{570BDCAE-11D6-4976-B724-F2332B9AAD9A}.Release|iPhoneSimulator.Build.0 = Release|Any CPU
		{570BDCAE-11D6-4976-B724-F2332B9AAD9A}.Release|x64.ActiveCfg = Release|Any CPU
		{570BDCAE-11D6-4976-B724-F2332B9AAD9A}.Release|x64.Build.0 = Release|Any CPU
		{570BDCAE-11D6-4976-B724-F2332B9AAD9A}.Release|x86.ActiveCfg = Release|Any CPU
		{570BDCAE-11D6-4976-B724-F2332B9AAD9A}.Release|x86.Build.0 = Release|Any CPU
		{183532E9-5911-4298-8F15-6D7F047BF5C2}.Debug|Any CPU.ActiveCfg = Debug|Any CPU
		{183532E9-5911-4298-8F15-6D7F047BF5C2}.Debug|Any CPU.Build.0 = Debug|Any CPU
		{183532E9-5911-4298-8F15-6D7F047BF5C2}.Debug|iPhone.ActiveCfg = Debug|Any CPU
		{183532E9-5911-4298-8F15-6D7F047BF5C2}.Debug|iPhone.Build.0 = Debug|Any CPU
		{183532E9-5911-4298-8F15-6D7F047BF5C2}.Debug|iPhoneSimulator.ActiveCfg = Debug|Any CPU
		{183532E9-5911-4298-8F15-6D7F047BF5C2}.Debug|iPhoneSimulator.Build.0 = Debug|Any CPU
		{183532E9-5911-4298-8F15-6D7F047BF5C2}.Debug|x64.ActiveCfg = Debug|Any CPU
		{183532E9-5911-4298-8F15-6D7F047BF5C2}.Debug|x64.Build.0 = Debug|Any CPU
		{183532E9-5911-4298-8F15-6D7F047BF5C2}.Debug|x86.ActiveCfg = Debug|Any CPU
		{183532E9-5911-4298-8F15-6D7F047BF5C2}.Debug|x86.Build.0 = Debug|Any CPU
		{183532E9-5911-4298-8F15-6D7F047BF5C2}.Release|Any CPU.ActiveCfg = Release|Any CPU
		{183532E9-5911-4298-8F15-6D7F047BF5C2}.Release|Any CPU.Build.0 = Release|Any CPU
		{183532E9-5911-4298-8F15-6D7F047BF5C2}.Release|iPhone.ActiveCfg = Release|Any CPU
		{183532E9-5911-4298-8F15-6D7F047BF5C2}.Release|iPhone.Build.0 = Release|Any CPU
		{183532E9-5911-4298-8F15-6D7F047BF5C2}.Release|iPhoneSimulator.ActiveCfg = Release|Any CPU
		{183532E9-5911-4298-8F15-6D7F047BF5C2}.Release|iPhoneSimulator.Build.0 = Release|Any CPU
		{183532E9-5911-4298-8F15-6D7F047BF5C2}.Release|x64.ActiveCfg = Release|Any CPU
		{183532E9-5911-4298-8F15-6D7F047BF5C2}.Release|x64.Build.0 = Release|Any CPU
		{183532E9-5911-4298-8F15-6D7F047BF5C2}.Release|x86.ActiveCfg = Release|Any CPU
		{183532E9-5911-4298-8F15-6D7F047BF5C2}.Release|x86.Build.0 = Release|Any CPU
		{4AE82496-28D6-4FA3-8628-92D10D49EE94}.Debug|Any CPU.ActiveCfg = Debug|Any CPU
		{4AE82496-28D6-4FA3-8628-92D10D49EE94}.Debug|Any CPU.Build.0 = Debug|Any CPU
		{4AE82496-28D6-4FA3-8628-92D10D49EE94}.Debug|iPhone.ActiveCfg = Debug|Any CPU
		{4AE82496-28D6-4FA3-8628-92D10D49EE94}.Debug|iPhone.Build.0 = Debug|Any CPU
		{4AE82496-28D6-4FA3-8628-92D10D49EE94}.Debug|iPhoneSimulator.ActiveCfg = Debug|Any CPU
		{4AE82496-28D6-4FA3-8628-92D10D49EE94}.Debug|iPhoneSimulator.Build.0 = Debug|Any CPU
		{4AE82496-28D6-4FA3-8628-92D10D49EE94}.Debug|x64.ActiveCfg = Debug|Any CPU
		{4AE82496-28D6-4FA3-8628-92D10D49EE94}.Debug|x64.Build.0 = Debug|Any CPU
		{4AE82496-28D6-4FA3-8628-92D10D49EE94}.Debug|x86.ActiveCfg = Debug|Any CPU
		{4AE82496-28D6-4FA3-8628-92D10D49EE94}.Debug|x86.Build.0 = Debug|Any CPU
		{4AE82496-28D6-4FA3-8628-92D10D49EE94}.Release|Any CPU.ActiveCfg = Release|Any CPU
		{4AE82496-28D6-4FA3-8628-92D10D49EE94}.Release|Any CPU.Build.0 = Release|Any CPU
		{4AE82496-28D6-4FA3-8628-92D10D49EE94}.Release|iPhone.ActiveCfg = Release|Any CPU
		{4AE82496-28D6-4FA3-8628-92D10D49EE94}.Release|iPhone.Build.0 = Release|Any CPU
		{4AE82496-28D6-4FA3-8628-92D10D49EE94}.Release|iPhoneSimulator.ActiveCfg = Release|Any CPU
		{4AE82496-28D6-4FA3-8628-92D10D49EE94}.Release|iPhoneSimulator.Build.0 = Release|Any CPU
		{4AE82496-28D6-4FA3-8628-92D10D49EE94}.Release|x64.ActiveCfg = Release|Any CPU
		{4AE82496-28D6-4FA3-8628-92D10D49EE94}.Release|x64.Build.0 = Release|Any CPU
		{4AE82496-28D6-4FA3-8628-92D10D49EE94}.Release|x86.ActiveCfg = Release|Any CPU
		{4AE82496-28D6-4FA3-8628-92D10D49EE94}.Release|x86.Build.0 = Release|Any CPU
	EndGlobalSection
	GlobalSection(SolutionProperties) = preSolution
		HideSolutionNode = FALSE
	EndGlobalSection
	GlobalSection(ExtensibilityGlobals) = postSolution
		SolutionGuid = {278791BD-0EE7-4FF9-95EC-D485244C9E9A}
	EndGlobalSection
EndGlobal
